
Microsoft Visual Studio Solution File, Format Version 12.00
# Visual Studio Version 17
VisualStudioVersion = 17.1.32414.318
MinimumVisualStudioVersion = 10.0.40219.1
Project("{FAE04EC0-301F-11D3-BF4B-00C04F79EFBC}") = "Image-API", "Image-API\Image-API.csproj", "{EAF41F32-7F3F-4CE0-87AB-224BE5BB2B3C}"
EndProject
Global
	GlobalSection(SolutionConfigurationPlatforms) = preSolution
		Debug|Any CPU = Debug|Any CPU
		Release|Any CPU = Release|Any CPU
	EndGlobalSection
	GlobalSection(ProjectConfigurationPlatforms) = postSolution
		{EAF41F32-7F3F-4CE0-87AB-224BE5BB2B3C}.Debug|Any CPU.ActiveCfg = Debug|Any CPU
		{EAF41F32-7F3F-4CE0-87AB-224BE5BB2B3C}.Debug|Any CPU.Build.0 = Debug|Any CPU
		{EAF41F32-7F3F-4CE0-87AB-224BE5BB2B3C}.Release|Any CPU.ActiveCfg = Release|Any CPU
		{EAF41F32-7F3F-4CE0-87AB-224BE5BB2B3C}.Release|Any CPU.Build.0 = Release|Any CPU
	EndGlobalSection
	GlobalSection(SolutionProperties) = preSolution
		HideSolutionNode = FALSE
	EndGlobalSection
	GlobalSection(ExtensibilityGlobals) = postSolution
		SolutionGuid = {7F256D35-3791-4DA7-90E4-973946D71582}
	EndGlobalSection
EndGlobal
